
Microsoft Visual Studio Solution File, Format Version 12.00
# Visual Studio Version 16
VisualStudioVersion = 16.0.810.17
MinimumVisualStudioVersion = 10.0.40219.1
Project("{FAE04EC0-301F-11D3-BF4B-00C04F79EFBC}") = "Course", "Course\Course.csproj", "{BEE74D25-0A10-4124-B4B2-D8C1096B4A52}"
EndProject
Global
	GlobalSection(SolutionConfigurationPlatforms) = preSolution
		Debug|Any CPU = Debug|Any CPU
		Release|Any CPU = Release|Any CPU
	EndGlobalSection
	GlobalSection(ProjectConfigurationPlatforms) = postSolution
		{BEE74D25-0A10-4124-B4B2-D8C1096B4A52}.Debug|Any CPU.ActiveCfg = Debug|Any CPU
		{BEE74D25-0A10-4124-B4B2-D8C1096B4A52}.Debug|Any CPU.Build.0 = Debug|Any CPU
		{BEE74D25-0A10-4124-B4B2-D8C1096B4A52}.Release|Any CPU.ActiveCfg = Release|Any CPU
		{BEE74D25-0A10-4124-B4B2-D8C1096B4A52}.Release|Any CPU.Build.0 = Release|Any CPU
	EndGlobalSection
	GlobalSection(SolutionProperties) = preSolution
		HideSolutionNode = FALSE
	EndGlobalSection
	GlobalSection(ExtensibilityGlobals) = postSolution
		SolutionGuid = {0719C305-CC6E-467C-909C-3092605C75A8}
	EndGlobalSection
EndGlobal
